github.com/michaeliyke/Golang v0.1.0 h1:gxvlhwHyM3i0ZIdVe9L1i8e/0AYSrTBw5+2+142snoY=
github.com/michaeliyke/Golang v0.1.0/go.mod h1:pV+Hg4+1Eg1oYb7n45qVC/HxZSj6VcgyolcqJLzxRsE=
golang.org/x/tour v0.1.0 h1:OWzbINRoGf1wwBhKdFDpYwM88NM0d1SL/Nj6PagS6YE=
golang.org/x/tour v0.1.0/go.mod h1:DUZC6G8mR1AXgXy73r8qt/G5RsefKIlSj6jBMc8b9Wc=
